{
  "name": "flagship-theme",
  "version": "1.0.0",
  "lockfileVersion": 2,
  "requires": true,
  "packages": {
    "": {
      "name": "flagship-theme",
      "version": "1.0.0",
      "license": "ISC",
      "dependencies": {
        "@shopify/shopify-api": "^8.0.1"
      }
    },
    "node_modules/@shopify/network": {
      "version": "3.2.1",
      "resolved": "https://registry.npmjs.org/@shopify/network/-/network-3.2.1.tgz",
      "integrity": "sha512-Ih/6Oe80dynlUsRfEqptWBfsySCqI0rjQvPAjS8HuWeK9nZ+TvmYScfxjucKXZ2deXwAClnU6SMdh3/B1lMMog==",
      "engines": {
        "node": "^14.17.0 || >=16.0.0"
      }
    },
    "node_modules/@shopify/shopify-api": {
      "version": "8.0.1",
      "resolved": "https://registry.npmjs.org/@shopify/shopify-api/-/shopify-api-8.0.1.tgz",
      "integrity": "sha512-Bqt6eX2IMcZLtKcefaajb9h9sqBtCMG+EH0l6v0xalckqPElQXAjg3fdSyeAZihWvqKUSVDGDDyf5gwYzfEsHQ==",
      "dependencies": {
        "@shopify/network": "^3.2.1",
        "compare-versions": "^5.0.3",
        "isbot": "^3.6.10",
        "jose": "^4.9.1",
        "node-fetch": "^2.6.1",
        "tslib": "^2.0.3",
        "uuid": "^9.0.0"
      }
    },
    "node_modules/compare-versions": {
      "version": "5.0.3",
      "resolved": "https://registry.npmjs.org/compare-versions/-/compare-versions-5.0.3.tgz",
      "integrity": "sha512-4UZlZP8Z99MGEY+Ovg/uJxJuvoXuN4M6B3hKaiackiHrgzQFEe3diJi1mf1PNHbFujM7FvLrK2bpgIaImbtZ1A=="
    },
    "node_modules/isbot": {
      "version": "3.7.0",
      "resolved": "https://registry.npmjs.org/isbot/-/isbot-3.7.0.tgz",
      "integrity": "sha512-9BcjlI89966BqWJmYdTnRub85sit931MyCthSIPtgoOsTjoW7A2MVa09HzPpYE2+G4vyAxfDvR0AbUGV0FInQg==",
      "engines": {
        "node": ">=12"
      }
    },
    "node_modules/jose": {
      "version": "4.15.4",
      "resolved": "https://registry.npmjs.org/jose/-/jose-4.15.4.tgz",
      "integrity": "sha512-W+oqK4H+r5sITxfxpSU+MMdr/YSWGvgZMQDIsNoBDGGy4i7GBPTtvFKibQzW06n3U3TqHjhvBJsirShsEJ6eeQ==",
      "funding": {
        "url": "https://github.com/sponsors/panva"
      }
    },
    "node_modules/node-fetch": {
      "version": "2.7.0",
      "resolved": "https://registry.npmjs.org/node-fetch/-/node-fetch-2.7.0.tgz",
      "integrity": "sha512-c4FRfUm/dbcWZ7U+1Wq0AwCyFL+3nt2bEw05wfxSz+DWpWsitgmSgYmy2dQdWyKC1694ELPqMs/YzUSNozLt8A==",
      "dependencies": {
        "whatwg-url": "^5.0.0"
      },
      "engines": {
        "node": "4.x || >=6.0.0"
      },
      "peerDependencies": {
        "encoding": "^0.1.0"
      },
      "peerDependenciesMeta": {
        "encoding": {
          "optional": true
        }
      }
    },
    "node_modules/tr46": {
      "version": "0.0.3",
      "resolved": "https://registry.npmjs.org/tr46/-/tr46-0.0.3.tgz",
      "integrity": "sha512-N3WMsuqV66lT30CrXNbEjx4GEwlow3v6rr4mCcv6prnfwhS01rkgyFdjPNBYd9br7LpXV1+Emh01fHnq2Gdgrw=="
    },
    "node_modules/tslib": {
      "version": "2.6.2",
      "resolved": "https://registry.npmjs.org/tslib/-/tslib-2.6.2.tgz",
      "integrity": "sha512-AEYxH93jGFPn/a2iVAwW87VuUIkR1FVUKB77NwMF7nBTDkDrrT/Hpt/IrCJ0QXhW27jTBDcf5ZY7w6RiqTMw2Q=="
    },
    "node_modules/uuid": {
      "version": "9.0.1",
      "resolved": "https://registry.npmjs.org/uuid/-/uuid-9.0.1.tgz",
      "integrity": "sha512-b+1eJOlsR9K8HJpow9Ok3fiWOWSIcIzXodvv0rQjVoOVNpWMpxf1wZNpt4y9h10odCNrqnYp1OBzRktckBe3sA==",
      "funding": [
        "https://github.com/sponsors/broofa",
        "https://github.com/sponsors/ctavan"
      ],
      "bin": {
        "uuid": "dist/bin/uuid"
      }
    },
    "node_modules/webidl-conversions": {
      "version": "3.0.1",
      "resolved": "https://registry.npmjs.org/webidl-conversions/-/webidl-conversions-3.0.1.tgz",
      "integrity": "sha512-2JAn3z8AR6rjK8Sm8orRC0h/bcl/DqL7tRPdGZ4I1CjdF+EaMLmYxBHyXuKL849eucPFhvBoxMsflfOb8kxaeQ=="
    },
    "node_modules/whatwg-url": {
      "version": "5.0.0",
      "resolved": "https://registry.npmjs.org/whatwg-url/-/whatwg-url-5.0.0.tgz",
      "integrity": "sha512-saE57nupxk6v3HY35+jzBwYa0rKSy0XR8JSxZPwgLr7ys0IBzhGviA1/TUGJLmSVqs8pb9AnvICXEuOHLprYTw==",
      "dependencies": {
        "tr46": "~0.0.3",
        "webidl-conversions": "^3.0.0"
      }
    }
  },
  "dependencies": {
    "@shopify/network": {
      "version": "3.2.1",
      "resolved": "https://registry.npmjs.org/@shopify/network/-/network-3.2.1.tgz",
      "integrity": "sha512-Ih/6Oe80dynlUsRfEqptWBfsySCqI0rjQvPAjS8HuWeK9nZ+TvmYScfxjucKXZ2deXwAClnU6SMdh3/B1lMMog=="
    },
    "@shopify/shopify-api": {
      "version": "8.0.1",
      "resolved": "https://registry.npmjs.org/@shopify/shopify-api/-/shopify-api-8.0.1.tgz",
      "integrity": "sha512-Bqt6eX2IMcZLtKcefaajb9h9sqBtCMG+EH0l6v0xalckqPElQXAjg3fdSyeAZihWvqKUSVDGDDyf5gwYzfEsHQ==",
      "requires": {
        "@shopify/network": "^3.2.1",
        "compare-versions": "^5.0.3",
        "isbot": "^3.6.10",
        "jose": "^4.9.1",
        "node-fetch": "^2.6.1",
        "tslib": "^2.0.3",
        "uuid": "^9.0.0"
      }
    },
    "compare-versions": {
      "version": "5.0.3",
      "resolved": "https://registry.npmjs.org/compare-versions/-/compare-versions-5.0.3.tgz",
      "integrity": "sha512-4UZlZP8Z99MGEY+Ovg/uJxJuvoXuN4M6B3hKaiackiHrgzQFEe3diJi1mf1PNHbFujM7FvLrK2bpgIaImbtZ1A=="
    },
    "isbot": {
      "version": "3.7.0",
      "resolved": "https://registry.npmjs.org/isbot/-/isbot-3.7.0.tgz",
      "integrity": "sha512-9BcjlI89966BqWJmYdTnRub85sit931MyCthSIPtgoOsTjoW7A2MVa09HzPpYE2+G4vyAxfDvR0AbUGV0FInQg=="
    },
    "jose": {
      "version": "4.15.4",
      "resolved": "https://registry.npmjs.org/jose/-/jose-4.15.4.tgz",
      "integrity": "sha512-W+oqK4H+r5sITxfxpSU+MMdr/YSWGvgZMQDIsNoBDGGy4i7GBPTtvFKibQzW06n3U3TqHjhvBJsirShsEJ6eeQ=="
    },
    "node-fetch": {
      "version": "2.7.0",
      "resolved": "https://registry.npmjs.org/node-fetch/-/node-fetch-2.7.0.tgz",
      "integrity": "sha512-c4FRfUm/dbcWZ7U+1Wq0AwCyFL+3nt2bEw05wfxSz+DWpWsitgmSgYmy2dQdWyKC1694ELPqMs/YzUSNozLt8A==",
      "requires": {
        "whatwg-url": "^5.0.0"
      }
    },
    "tr46": {
      "version": "0.0.3",
      "resolved": "https://registry.npmjs.org/tr46/-/tr46-0.0.3.tgz",
      "integrity": "sha512-N3WMsuqV66lT30CrXNbEjx4GEwlow3v6rr4mCcv6prnfwhS01rkgyFdjPNBYd9br7LpXV1+Emh01fHnq2Gdgrw=="
    },
    "tslib": {
      "version": "2.6.2",
      "resolved": "https://registry.npmjs.org/tslib/-/tslib-2.6.2.tgz",
      "integrity": "sha512-AEYxH93jGFPn/a2iVAwW87VuUIkR1FVUKB77NwMF7nBTDkDrrT/Hpt/IrCJ0QXhW27jTBDcf5ZY7w6RiqTMw2Q=="
    },
    "uuid": {
      "version": "9.0.1",
      "resolved": "https://registry.npmjs.org/uuid/-/uuid-9.0.1.tgz",
      "integrity": "sha512-b+1eJOlsR9K8HJpow9Ok3fiWOWSIcIzXodvv0rQjVoOVNpWMpxf1wZNpt4y9h10odCNrqnYp1OBzRktckBe3sA=="
    },
    "webidl-conversions": {
      "version": "3.0.1",
      "resolved": "https://registry.npmjs.org/webidl-conversions/-/webidl-conversions-3.0.1.tgz",
      "integrity": "sha512-2JAn3z8AR6rjK8Sm8orRC0h/bcl/DqL7tRPdGZ4I1CjdF+EaMLmYxBHyXuKL849eucPFhvBoxMsflfOb8kxaeQ=="
    },
    "whatwg-url": {
      "version": "5.0.0",
      "resolved": "https://registry.npmjs.org/whatwg-url/-/whatwg-url-5.0.0.tgz",
      "integrity": "sha512-saE57nupxk6v3HY35+jzBwYa0rKSy0XR8JSxZPwgLr7ys0IBzhGviA1/TUGJLmSVqs8pb9AnvICXEuOHLprYTw==",
      "requires": {
        "tr46": "~0.0.3",
        "webidl-conversions": "^3.0.0"
      }
    }
  }
}
